
Microsoft Visual Studio Solution File, Format Version 12.00
# Visual Studio Version 17
VisualStudioVersion = 17.5.33516.290
MinimumVisualStudioVersion = 10.0.40219.1
Project("{FAE04EC0-301F-11D3-BF4B-00C04F79EFBC}") = "atrebutes", "atrebutes.csproj", "{CCCFD2FA-1F30-4CF8-A39C-F3292DAE32EE}"
EndProject
Global
	GlobalSection(SolutionConfigurationPlatforms) = preSolution
		Debug|Any CPU = Debug|Any CPU
		Release|Any CPU = Release|Any CPU
	EndGlobalSection
	GlobalSection(ProjectConfigurationPlatforms) = postSolution
		{CCCFD2FA-1F30-4CF8-A39C-F3292DAE32EE}.Debug|Any CPU.ActiveCfg = Debug|Any CPU
		{CCCFD2FA-1F30-4CF8-A39C-F3292DAE32EE}.Debug|Any CPU.Build.0 = Debug|Any CPU
		{CCCFD2FA-1F30-4CF8-A39C-F3292DAE32EE}.Release|Any CPU.ActiveCfg = Release|Any CPU
		{CCCFD2FA-1F30-4CF8-A39C-F3292DAE32EE}.Release|Any CPU.Build.0 = Release|Any CPU
	EndGlobalSection
	GlobalSection(SolutionProperties) = preSolution
		HideSolutionNode = FALSE
	EndGlobalSection
	GlobalSection(ExtensibilityGlobals) = postSolution
		SolutionGuid = {75D827C4-A67C-47DB-9947-28B31A92F28B}
	EndGlobalSection
EndGlobal
